
Microsoft Visual Studio Solution File, Format Version 12.00
# Visual Studio Version 17
VisualStudioVersion = 17.10.35201.131
MinimumVisualStudioVersion = 10.0.40219.1
Project("{9A19103F-16F7-4668-BE54-9A1E7A4F7556}") = "DA.WebAPI", "DA.WebAPI\DA.WebAPI.csproj", "{71A03757-08B6-44DD-AB16-B58C484E71E4}"
EndProject
Project("{2150E333-8FDC-42A3-9474-1A3956D46DE8}") = "Services", "Services", "{E646A7AF-9C92-4CA8-B89E-E8F46942F6C9}"
EndProject
Project("{2150E333-8FDC-42A3-9474-1A3956D46DE8}") = "Auth", "Auth", "{4B689ABE-C532-41C2-85B4-C3742BA53F5A}"
EndProject
Project("{2150E333-8FDC-42A3-9474-1A3956D46DE8}") = "Shared", "Shared", "{22E83CD2-89DD-410B-8572-9185AD55F2AE}"
EndProject
Project("{9A19103F-16F7-4668-BE54-9A1E7A4F7556}") = "DA.Auth.Infrastructure", "Services\Auth\DA.Auth.Infrastructure\DA.Auth.Infrastructure.csproj", "{A1085D3C-1BD1-4125-8304-410AA930A39D}"
EndProject
Project("{9A19103F-16F7-4668-BE54-9A1E7A4F7556}") = "DA.Auth.Domain", "Services\Auth\DA.Auth.Domain\DA.Auth.Domain.csproj", "{12031CEB-F6AE-470D-A09D-7C525348DD07}"
EndProject
Project("{9A19103F-16F7-4668-BE54-9A1E7A4F7556}") = "DA.Auth.ApplicationService", "Services\Auth\DA.Auth.ApplicationService\DA.Auth.ApplicationService.csproj", "{7A57CC68-5E03-498A-B86F-36BC440CB844}"
EndProject
Project("{9A19103F-16F7-4668-BE54-9A1E7A4F7556}") = "DA.Auth.Dtos", "Services\Auth\DA.Auth.Dtos\DA.Auth.Dtos.csproj", "{BAA49D60-8E77-4307-B268-02B7EC3C24CF}"
EndProject
Project("{9A19103F-16F7-4668-BE54-9A1E7A4F7556}") = "DA.Shared.ApplicationService", "Services\Shared\DA.Shared.ApplicationService\DA.Shared.ApplicationService.csproj", "{60E11DFA-26F6-43CD-BFAE-566168DE6AFA}"
EndProject
Project("{9A19103F-16F7-4668-BE54-9A1E7A4F7556}") = "DA.Shared.Constant", "Services\Shared\DA.Shared.Constant\DA.Shared.Constant.csproj", "{787C486E-250A-44D5-9C70-F24A5F67E7F5}"
EndProject
Project("{FAE04EC0-301F-11D3-BF4B-00C04F79EFBC}") = "DA.Shared.Untils", "Services\Shared\DA.Shared.Untils\DA.Shared.Untils.csproj", "{A394DBC1-BDD2-418D-A4CD-3369CFC9072D}"
EndProject
Project("{FAE04EC0-301F-11D3-BF4B-00C04F79EFBC}") = "DA.Shared.Exceptions", "Services\Shared\DA.Shared.Exceptions\DA.Shared.Exceptions.csproj", "{00046BE5-255E-4B65-93DA-544363547596}"
EndProject
Global
	GlobalSection(SolutionConfigurationPlatforms) = preSolution
		Debug|Any CPU = Debug|Any CPU
		Release|Any CPU = Release|Any CPU
	EndGlobalSection
	GlobalSection(ProjectConfigurationPlatforms) = postSolution
		{71A03757-08B6-44DD-AB16-B58C484E71E4}.Debug|Any CPU.ActiveCfg = Debug|Any CPU
		{71A03757-08B6-44DD-AB16-B58C484E71E4}.Debug|Any CPU.Build.0 = Debug|Any CPU
		{71A03757-08B6-44DD-AB16-B58C484E71E4}.Release|Any CPU.ActiveCfg = Release|Any CPU
		{71A03757-08B6-44DD-AB16-B58C484E71E4}.Release|Any CPU.Build.0 = Release|Any CPU
		{A1085D3C-1BD1-4125-8304-410AA930A39D}.Debug|Any CPU.ActiveCfg = Debug|Any CPU
		{A1085D3C-1BD1-4125-8304-410AA930A39D}.Debug|Any CPU.Build.0 = Debug|Any CPU
		{A1085D3C-1BD1-4125-8304-410AA930A39D}.Release|Any CPU.ActiveCfg = Release|Any CPU
		{A1085D3C-1BD1-4125-8304-410AA930A39D}.Release|Any CPU.Build.0 = Release|Any CPU
		{12031CEB-F6AE-470D-A09D-7C525348DD07}.Debug|Any CPU.ActiveCfg = Debug|Any CPU
		{12031CEB-F6AE-470D-A09D-7C525348DD07}.Debug|Any CPU.Build.0 = Debug|Any CPU
		{12031CEB-F6AE-470D-A09D-7C525348DD07}.Release|Any CPU.ActiveCfg = Release|Any CPU
		{12031CEB-F6AE-470D-A09D-7C525348DD07}.Release|Any CPU.Build.0 = Release|Any CPU
		{7A57CC68-5E03-498A-B86F-36BC440CB844}.Debug|Any CPU.ActiveCfg = Debug|Any CPU
		{7A57CC68-5E03-498A-B86F-36BC440CB844}.Debug|Any CPU.Build.0 = Debug|Any CPU
		{7A57CC68-5E03-498A-B86F-36BC440CB844}.Release|Any CPU.ActiveCfg = Release|Any CPU
		{7A57CC68-5E03-498A-B86F-36BC440CB844}.Release|Any CPU.Build.0 = Release|Any CPU
		{BAA49D60-8E77-4307-B268-02B7EC3C24CF}.Debug|Any CPU.ActiveCfg = Debug|Any CPU
		{BAA49D60-8E77-4307-B268-02B7EC3C24CF}.Debug|Any CPU.Build.0 = Debug|Any CPU
		{BAA49D60-8E77-4307-B268-02B7EC3C24CF}.Release|Any CPU.ActiveCfg = Release|Any CPU
		{BAA49D60-8E77-4307-B268-02B7EC3C24CF}.Release|Any CPU.Build.0 = Release|Any CPU
		{60E11DFA-26F6-43CD-BFAE-566168DE6AFA}.Debug|Any CPU.ActiveCfg = Debug|Any CPU
		{60E11DFA-26F6-43CD-BFAE-566168DE6AFA}.Debug|Any CPU.Build.0 = Debug|Any CPU
		{60E11DFA-26F6-43CD-BFAE-566168DE6AFA}.Release|Any CPU.ActiveCfg = Release|Any CPU
		{60E11DFA-26F6-43CD-BFAE-566168DE6AFA}.Release|Any CPU.Build.0 = Release|Any CPU
		{787C486E-250A-44D5-9C70-F24A5F67E7F5}.Debug|Any CPU.ActiveCfg = Debug|Any CPU
		{787C486E-250A-44D5-9C70-F24A5F67E7F5}.Debug|Any CPU.Build.0 = Debug|Any CPU
		{787C486E-250A-44D5-9C70-F24A5F67E7F5}.Release|Any CPU.ActiveCfg = Release|Any CPU
		{787C486E-250A-44D5-9C70-F24A5F67E7F5}.Release|Any CPU.Build.0 = Release|Any CPU
		{A394DBC1-BDD2-418D-A4CD-3369CFC9072D}.Debug|Any CPU.ActiveCfg = Debug|Any CPU
		{A394DBC1-BDD2-418D-A4CD-3369CFC9072D}.Debug|Any CPU.Build.0 = Debug|Any CPU
		{A394DBC1-BDD2-418D-A4CD-3369CFC9072D}.Release|Any CPU.ActiveCfg = Release|Any CPU
		{A394DBC1-BDD2-418D-A4CD-3369CFC9072D}.Release|Any CPU.Build.0 = Release|Any CPU
		{00046BE5-255E-4B65-93DA-544363547596}.Debug|Any CPU.ActiveCfg = Debug|Any CPU
		{00046BE5-255E-4B65-93DA-544363547596}.Debug|Any CPU.Build.0 = Debug|Any CPU
		{00046BE5-255E-4B65-93DA-544363547596}.Release|Any CPU.ActiveCfg = Release|Any CPU
		{00046BE5-255E-4B65-93DA-544363547596}.Release|Any CPU.Build.0 = Release|Any CPU
	EndGlobalSection
	GlobalSection(SolutionProperties) = preSolution
		HideSolutionNode = FALSE
	EndGlobalSection
	GlobalSection(NestedProjects) = preSolution
		{4B689ABE-C532-41C2-85B4-C3742BA53F5A} = {E646A7AF-9C92-4CA8-B89E-E8F46942F6C9}
		{22E83CD2-89DD-410B-8572-9185AD55F2AE} = {E646A7AF-9C92-4CA8-B89E-E8F46942F6C9}
		{A1085D3C-1BD1-4125-8304-410AA930A39D} = {4B689ABE-C532-41C2-85B4-C3742BA53F5A}
		{12031CEB-F6AE-470D-A09D-7C525348DD07} = {4B689ABE-C532-41C2-85B4-C3742BA53F5A}
		{7A57CC68-5E03-498A-B86F-36BC440CB844} = {4B689ABE-C532-41C2-85B4-C3742BA53F5A}
		{BAA49D60-8E77-4307-B268-02B7EC3C24CF} = {4B689ABE-C532-41C2-85B4-C3742BA53F5A}
		{60E11DFA-26F6-43CD-BFAE-566168DE6AFA} = {22E83CD2-89DD-410B-8572-9185AD55F2AE}
		{787C486E-250A-44D5-9C70-F24A5F67E7F5} = {22E83CD2-89DD-410B-8572-9185AD55F2AE}
		{A394DBC1-BDD2-418D-A4CD-3369CFC9072D} = {22E83CD2-89DD-410B-8572-9185AD55F2AE}
		{00046BE5-255E-4B65-93DA-544363547596} = {22E83CD2-89DD-410B-8572-9185AD55F2AE}
	EndGlobalSection
	GlobalSection(ExtensibilityGlobals) = postSolution
		SolutionGuid = {438E9349-844E-4784-9ED5-3A0B9C4C8BE7}
	EndGlobalSection
EndGlobal
